
Microsoft Visual Studio Solution File, Format Version 12.00
# Visual Studio Version 17
VisualStudioVersion = 17.7.34024.191
MinimumVisualStudioVersion = 10.0.40219.1
Project("{9A19103F-16F7-4668-BE54-9A1E7A4F7556}") = "MovieCatalog.Web", "MovieCatalog.Web\MovieCatalog.Web.csproj", "{90284C51-72BE-4AA2-98A1-503DD6466B05}"
EndProject
Global
	GlobalSection(SolutionConfigurationPlatforms) = preSolution
		Debug|Any CPU = Debug|Any CPU
		Release|Any CPU = Release|Any CPU
	EndGlobalSection
	GlobalSection(ProjectConfigurationPlatforms) = postSolution
		{90284C51-72BE-4AA2-98A1-503DD6466B05}.Debug|Any CPU.ActiveCfg = Debug|Any CPU
		{90284C51-72BE-4AA2-98A1-503DD6466B05}.Debug|Any CPU.Build.0 = Debug|Any CPU
		{90284C51-72BE-4AA2-98A1-503DD6466B05}.Release|Any CPU.ActiveCfg = Release|Any CPU
		{90284C51-72BE-4AA2-98A1-503DD6466B05}.Release|Any CPU.Build.0 = Release|Any CPU
	EndGlobalSection
	GlobalSection(SolutionProperties) = preSolution
		HideSolutionNode = FALSE
	EndGlobalSection
	GlobalSection(ExtensibilityGlobals) = postSolution
		SolutionGuid = {3A4A5A6F-7080-4DA0-908B-3737A62C981C}
	EndGlobalSection
EndGlobal
